github.com/aws/aws-sdk-go v1.20.6 h1:kmy4Gvdlyez1fV4kw5RYxZzWKVyuHZHgPWeU/YvRsV4=
github.com/aws/aws-sdk-go v1.20.6/go.mod h1:KmX6BPdI08NWTb3/sm4ZGu5ShLoqVDhKgpiN924inxo=
github.com/felipefoliatti/backoff v1.0.1 h1:OOa7C5qegx5qk2NCJhxGyXTcW+8qYaNDDmV+do2RDoU=
github.com/felipefoliatti/backoff v1.0.1/go.mod h1:Copy5oh0D/MXHw4BQ6jezDblvz5g/MJVSsiTA8wfpGU=
github.com/felipefoliatti/backoff v2.1.1+incompatible h1:UBgnqfAek4gGVCM8P2/Vk3/x4bDWgcxQ8VCgeGOQr/g=
github.com/felipefoliatti/backoff v2.1.1+incompatible/go.mod h1:cS7IYglSoqT6kruUPV3iNh4SFd3H0infO7T9hYSXLes=
github.com/felipefoliatti/errors v1.0.1 h1:cG8CZLjWe2DZj2OVXPorCDtEy4n7P4cK74X7nwXz790=
github.com/felipefoliatti/errors v1.0.1/go.mod h1:p/jQ3w+KjKUmbYrl9dRJ0NE0d3XR5HUyHxU9FD1VGag=
github.com/felipefoliatti/errors v1.0.3 h1:unNBYhTL9JvpaG26XgGxgb4fqPSB8prMKR9M2loL1u8=
github.com/felipefoliatti/errors v1.0.3/go.mod h1:p/jQ3w+KjKUmbYrl9dRJ0NE0d3XR5HUyHxU9FD1VGag=
github.com/go-sql-driver/mysql v1.4.0/go.mod h1:zAC/RDZ24gD3HViQzih4MyKcchzm+sOG5ZlKdlhCg5w=
github.com/go-sql-driver/mysql v1.4.1 h1:g24URVg0OFbNUTx9qqY1IRZ9D9z3iPyi5zKhQZpNwpA=
github.com/go-sql-driver/mysql v1.4.1/go.mod h1:zAC/RDZ24gD3HViQzih4MyKcchzm+sOG5ZlKdlhCg5w=
github.com/go-stomp/stomp v2.0.3+incompatible h1:B8gYzgV3rXQRHoK8itI9RZDyimEBAwKbJjfoRKpdxwc=
github.com/go-stomp/stomp v2.0.3+incompatible/go.mod h1:VqCtqNZv1226A1/79yh+rMiFUcfY3R109np+7ke4n0c=
github.com/influxdata/influxdb1-client v0.0.0-20190402204710-8ff2fc3824fc h1:KpMgaYJRieDkHZJWY3LMafvtqS/U8xX6+lUN+OKpl/Y=
github.com/influxdata/influxdb1-client v0.0.0-20190402204710-8ff2fc3824fc/go.mod h1:qj24IKcXYK6Iy9ceXlo3Tc+vtHo9lIhSX5JddghvEPo=
github.com/jmespath/go-jmespath v0.0.0-20180206201540-c2b33e8439af h1:pmfjZENx5imkbgOkpRUYLnmbU7UEFbjtDA2hxJ1ichM=
github.com/jmespath/go-jmespath v0.0.0-20180206201540-c2b33e8439af/go.mod h1:Nht3zPeWKUH0NzdCt2Blrr5ys8VGpn0CEB0cQHVjt7k=
github.com/jmoiron/sqlx v1.2.0 h1:41Ip0zITnmWNR/vHV+S4m+VoUivnWY5E4OJfLZjCJMA=
github.com/jmoiron/sqlx v1.2.0/go.mod h1:1FEQNm3xlJgrMD+FBdI9+xvCksHtbpVBBw5dYhBSsks=
github.com/lib/pq v1.0.0/go.mod h1:5WUZQaWbwv1U+lTReE5YruASi9Al49XbQIvNi/34Woo=
github.com/mattn/go-sqlite3 v1.9.0/go.mod h1:FPy6KqzDD04eiIsT53CuJW3U88zkxoIYsOqkbpncsNc=
github.com/rubenv/sql-migrate v0.0.0-20190618074426-f4d34eae5a5c h1:LCELEbde3/GT141OpHRs+jJZrI1tI3ayVd4VqW7Ui2U=
github.com/rubenv/sql-migrate v0.0.0-20190618074426-f4d34eae5a5c/go.mod h1:WS0rl9eEliYI8DPnr3TOwz4439pay+qNgzJoVya/DmY=
github.com/satori/go.uuid v0.0.0-20190618074426-b2ce2384e17b h1:w0TVWwPcjHYT4v/Zv0bsYjLcvRtoCnNP3izoSeNIHlQ=
github.com/satori/go.uuid v0.0.0-20190618074426-b2ce2384e17b/go.mod h1:dA0hQrYB0VpLJoorglMZABFdXlWrHn1NEOzdhQKdks0=
github.com/satori/go.uuid v1.2.0 h1:0uYX9dsZ2yD7q2RtLRtPSdGDWzjeM3TbMJP9utgA0ww=
github.com/satori/go.uuid v1.2.0/go.mod h1:dA0hQrYB0VpLJoorglMZABFdXlWrHn1NEOzdhQKdks0=
golang.org/x/sync v0.0.0-20200317015054-43a5402ce75a h1:WXEvlFVvvGxCJLG6REjsT03iWnKLEWinaScsxF2Vm2o=
golang.org/x/sync v0.0.0-20200317015054-43a5402ce75a/go.mod h1:RxMgew5VJxzue5/jJTE5uejpjVlOe/izrB70Jof72aM=
golang.org/x/text v0.3.2 h1:tW2bmiBqwgJj/UpqtC8EpXEZVYOwU0yG4iWbprSVAcs=
golang.org/x/text v0.3.2/go.mod h1:bEr9sfX3Q8Zfm5fL9x+3itogRgK3+ptLWKqgva+5dAk=
golang.org/x/tools v0.0.0-20180917221912-90fa682c2a6e/go.mod h1:n7NCudcB/nEzxVGmLbDWY5pfWTLqBcC2KZ6jyYvM4mQ=
gopkg.in/gorp.v1 v1.7.2 h1:j3DWlAyGVv8whO7AcIWznQ2Yj7yJkn34B8s63GViAAw=
gopkg.in/gorp.v1 v1.7.2/go.mod h1:Wo3h+DBQZIxATwftsglhdD/62zRFPhGhTiu5jUJmCaw=
